
Microsoft Visual Studio Solution File, Format Version 12.00
# Visual Studio Version 16
VisualStudioVersion = 16.0.32228.343
MinimumVisualStudioVersion = 10.0.40219.1
Project("{FAE04EC0-301F-11D3-BF4B-00C04F79EFBC}") = "Covid-App", "Covid-App\Covid-App.csproj", "{A3A05F23-336D-4287-8EAA-BBEA5E084B03}"
EndProject
Global
	GlobalSection(SolutionConfigurationPlatforms) = preSolution
		Debug|Any CPU = Debug|Any CPU
		Release|Any CPU = Release|Any CPU
	EndGlobalSection
	GlobalSection(ProjectConfigurationPlatforms) = postSolution
		{A3A05F23-336D-4287-8EAA-BBEA5E084B03}.Debug|Any CPU.ActiveCfg = Debug|Any CPU
		{A3A05F23-336D-4287-8EAA-BBEA5E084B03}.Debug|Any CPU.Build.0 = Debug|Any CPU
		{A3A05F23-336D-4287-8EAA-BBEA5E084B03}.Release|Any CPU.ActiveCfg = Release|Any CPU
		{A3A05F23-336D-4287-8EAA-BBEA5E084B03}.Release|Any CPU.Build.0 = Release|Any CPU
	EndGlobalSection
	GlobalSection(SolutionProperties) = preSolution
		HideSolutionNode = FALSE
	EndGlobalSection
	GlobalSection(ExtensibilityGlobals) = postSolution
		SolutionGuid = {C281F43A-0F25-4B85-9FEA-F1CE5999D011}
	EndGlobalSection
EndGlobal
